
Microsoft Visual Studio Solution File, Format Version 12.00
# Visual Studio Version 17
VisualStudioVersion = 17.10.35027.167
MinimumVisualStudioVersion = 10.0.40219.1
Project("{FAE04EC0-301F-11D3-BF4B-00C04F79EFBC}") = "TesteLocadoraDeCarros.Api", "TesteLocadoraDeCarros\TesteLocadoraDeCarros.Api.csproj", "{26E98049-EF36-41F8-9030-FA3DFCD74DEE}"
EndProject
Project("{FAE04EC0-301F-11D3-BF4B-00C04F79EFBC}") = "TesteLocadoraDeCarros.Domain", "TesteLocadoraDeCarros.Domain\TesteLocadoraDeCarros.Domain.csproj", "{61AC7C2E-7CBF-42DF-8759-C5A8978A05A5}"
EndProject
Project("{FAE04EC0-301F-11D3-BF4B-00C04F79EFBC}") = "TesteLocadoraDeCarros.Application", "TesteLocadoraDeCarros.Application\TesteLocadoraDeCarros.Application.csproj", "{5424A673-5661-4CE2-BA96-4E47F2DE4136}"
EndProject
Project("{FAE04EC0-301F-11D3-BF4B-00C04F79EFBC}") = "TesteLocadoraDeCarros.Dal", "TesteLocadoraDeCarros.Dal\TesteLocadoraDeCarros.Dal.csproj", "{FCDD7FC2-89A4-47A5-8989-2949F4A56868}"
EndProject
Global
	GlobalSection(SolutionConfigurationPlatforms) = preSolution
		Debug|Any CPU = Debug|Any CPU
		Release|Any CPU = Release|Any CPU
	EndGlobalSection
	GlobalSection(ProjectConfigurationPlatforms) = postSolution
		{26E98049-EF36-41F8-9030-FA3DFCD74DEE}.Debug|Any CPU.ActiveCfg = Debug|Any CPU
		{26E98049-EF36-41F8-9030-FA3DFCD74DEE}.Debug|Any CPU.Build.0 = Debug|Any CPU
		{26E98049-EF36-41F8-9030-FA3DFCD74DEE}.Release|Any CPU.ActiveCfg = Release|Any CPU
		{26E98049-EF36-41F8-9030-FA3DFCD74DEE}.Release|Any CPU.Build.0 = Release|Any CPU
		{61AC7C2E-7CBF-42DF-8759-C5A8978A05A5}.Debug|Any CPU.ActiveCfg = Debug|Any CPU
		{61AC7C2E-7CBF-42DF-8759-C5A8978A05A5}.Debug|Any CPU.Build.0 = Debug|Any CPU
		{61AC7C2E-7CBF-42DF-8759-C5A8978A05A5}.Release|Any CPU.ActiveCfg = Release|Any CPU
		{61AC7C2E-7CBF-42DF-8759-C5A8978A05A5}.Release|Any CPU.Build.0 = Release|Any CPU
		{5424A673-5661-4CE2-BA96-4E47F2DE4136}.Debug|Any CPU.ActiveCfg = Debug|Any CPU
		{5424A673-5661-4CE2-BA96-4E47F2DE4136}.Debug|Any CPU.Build.0 = Debug|Any CPU
		{5424A673-5661-4CE2-BA96-4E47F2DE4136}.Release|Any CPU.ActiveCfg = Release|Any CPU
		{5424A673-5661-4CE2-BA96-4E47F2DE4136}.Release|Any CPU.Build.0 = Release|Any CPU
		{FCDD7FC2-89A4-47A5-8989-2949F4A56868}.Debug|Any CPU.ActiveCfg = Debug|Any CPU
		{FCDD7FC2-89A4-47A5-8989-2949F4A56868}.Debug|Any CPU.Build.0 = Debug|Any CPU
		{FCDD7FC2-89A4-47A5-8989-2949F4A56868}.Release|Any CPU.ActiveCfg = Release|Any CPU
		{FCDD7FC2-89A4-47A5-8989-2949F4A56868}.Release|Any CPU.Build.0 = Release|Any CPU
	EndGlobalSection
	GlobalSection(SolutionProperties) = preSolution
		HideSolutionNode = FALSE
	EndGlobalSection
	GlobalSection(ExtensibilityGlobals) = postSolution
		SolutionGuid = {E2C9A284-A69F-430E-A141-73A396AFF100}
	EndGlobalSection
EndGlobal
